
Microsoft Visual Studio Solution File, Format Version 12.00
# Visual Studio Version 17
VisualStudioVersion = 17.1.32414.318
MinimumVisualStudioVersion = 10.0.40219.1
Project("{FAE04EC0-301F-11D3-BF4B-00C04F79EFBC}") = "Middleware", "Middleware\Middleware.csproj", "{8B240C7A-A163-40BB-B488-8363E132063A}"
EndProject
Global
	GlobalSection(SolutionConfigurationPlatforms) = preSolution
		Debug|Any CPU = Debug|Any CPU
		Release|Any CPU = Release|Any CPU
	EndGlobalSection
	GlobalSection(ProjectConfigurationPlatforms) = postSolution
		{8B240C7A-A163-40BB-B488-8363E132063A}.Debug|Any CPU.ActiveCfg = Debug|Any CPU
		{8B240C7A-A163-40BB-B488-8363E132063A}.Debug|Any CPU.Build.0 = Debug|Any CPU
		{8B240C7A-A163-40BB-B488-8363E132063A}.Release|Any CPU.ActiveCfg = Release|Any CPU
		{8B240C7A-A163-40BB-B488-8363E132063A}.Release|Any CPU.Build.0 = Release|Any CPU
	EndGlobalSection
	GlobalSection(SolutionProperties) = preSolution
		HideSolutionNode = FALSE
	EndGlobalSection
	GlobalSection(ExtensibilityGlobals) = postSolution
		SolutionGuid = {2D5A5C65-9672-4C91-BD97-3DC16267113E}
	EndGlobalSection
EndGlobal
